Microsoft Visual Studio Solution File, Format Version 12.00
# Visual Studio Version 17
VisualStudioVersion = 17.0.31903.59
MinimumVisualStudioVersion = 10.0.40219.1
Project("{FAE04EC0-301F-11D3-BF4B-00C04F79EFBC}") = "CampusResourceBooking", "CampusResourceBooking\CampusResourceBooking.csproj", "{30E8F590-C9D2-40AE-A7B5-71416B7B7410}"
EndProject
Project("{FAE04EC0-301F-11D3-BF4B-00C04F79EFBC}") = "CampusResourceBooking.Tests", "CampusResourceBooking.Tests\CampusResourceBooking.Tests.csproj", "{A8544991-8E7A-4C2A-A1CF-27C07A77E101}"
EndProject
Global
    GlobalSection(SolutionConfigurationPlatforms) = preSolution
        Debug|Any CPU = Debug|Any CPU
        Release|Any CPU = Release|Any CPU
    EndGlobalSection
    GlobalSection(ProjectConfigurationPlatforms) = postSolution
        {30E8F590-C9D2-40AE-A7B5-71416B7B7410}.Debug|Any CPU.ActiveCfg = Debug|Any CPU
        {30E8F590-C9D2-40AE-A7B5-71416B7B7410}.Debug|Any CPU.Build.0 = Debug|Any CPU
        {30E8F590-C9D2-40AE-A7B5-71416B7B7410}.Release|Any CPU.ActiveCfg = Release|Any CPU
        {30E8F590-C9D2-40AE-A7B5-71416B7B7410}.Release|Any CPU.Build.0 = Release|Any CPU
        {A8544991-8E7A-4C2A-A1CF-27C07A77E101}.Debug|Any CPU.ActiveCfg = Debug|Any CPU
        {A8544991-8E7A-4C2A-A1CF-27C07A77E101}.Debug|Any CPU.Build.0 = Debug|Any CPU
        {A8544991-8E7A-4C2A-A1CF-27C07A77E101}.Release|Any CPU.ActiveCfg = Release|Any CPU
        {A8544991-8E7A-4C2A-A1CF-27C07A77E101}.Release|Any CPU.Build.0 = Release|Any CPU
    EndGlobalSection
EndGlobal
